# THIS IS AN AUTOGENERATED FILE. DO NOT EDIT THIS FILE DIRECTLY.
# yarn lockfile v1


"@vue/cli-plugin-vuex@~4.5.15":
  version "4.5.17"
  resolved "https://registry.yarnpkg.com/@vue/cli-plugin-vuex/-/cli-plugin-vuex-4.5.17.tgz#eb6f597c775f3c847bf5a638ad65a0d03c11dcbf"
  integrity sha512-ck/ju2T2dmPKLWK/5QctNJs9SCb+eSZbbmr8neFkMc7GlbXw6qLWw5v3Vpd4KevdQA8QuQOA1pjUmzpCiU/mYQ==

vuex@^3.4.0:
  version "3.6.2"
  resolved "https://registry.yarnpkg.com/vuex/-/vuex-3.6.2.tgz#236bc086a870c3ae79946f107f16de59d5895e71"
  integrity sha512-ETW44IqCgBpVomy520DT5jf8n0zoCac+sxWnn+hMe/CzaSejb/eVw2YToiXYX+Ex/AuHHia28vWTq4goAexFbw==
